
Microsoft Visual Studio Solution File, Format Version 12.00
# Visual Studio Version 16
VisualStudioVersion = 16.0.29509.3
MinimumVisualStudioVersion = 10.0.40219.1
Project("{FAE04EC0-301F-11D3-BF4B-00C04F79EFBC}") = "TextEditor", "TextEditor\TextEditor.csproj", "{8A52F75E-DA82-401F-8C74-00D414884A36}"
EndProject
Project("{FAE04EC0-301F-11D3-BF4B-00C04F79EFBC}") = "TextEditorBL", "TextEditorBL\TextEditorBL.csproj", "{EA0B99BB-0B13-4EE4-8B7C-D23F4E968251}"
EndProject
Global
	GlobalSection(SolutionConfigurationPlatforms) = preSolution
		Debug|Any CPU = Debug|Any CPU
		Release|Any CPU = Release|Any CPU
	EndGlobalSection
	GlobalSection(ProjectConfigurationPlatforms) = postSolution
		{8A52F75E-DA82-401F-8C74-00D414884A36}.Debug|Any CPU.ActiveCfg = Debug|Any CPU
		{8A52F75E-DA82-401F-8C74-00D414884A36}.Debug|Any CPU.Build.0 = Debug|Any CPU
		{8A52F75E-DA82-401F-8C74-00D414884A36}.Release|Any CPU.ActiveCfg = Release|Any CPU
		{8A52F75E-DA82-401F-8C74-00D414884A36}.Release|Any CPU.Build.0 = Release|Any CPU
		{EA0B99BB-0B13-4EE4-8B7C-D23F4E968251}.Debug|Any CPU.ActiveCfg = Debug|Any CPU
		{EA0B99BB-0B13-4EE4-8B7C-D23F4E968251}.Debug|Any CPU.Build.0 = Debug|Any CPU
		{EA0B99BB-0B13-4EE4-8B7C-D23F4E968251}.Release|Any CPU.ActiveCfg = Release|Any CPU
		{EA0B99BB-0B13-4EE4-8B7C-D23F4E968251}.Release|Any CPU.Build.0 = Release|Any CPU
	EndGlobalSection
	GlobalSection(SolutionProperties) = preSolution
		HideSolutionNode = FALSE
	EndGlobalSection
	GlobalSection(ExtensibilityGlobals) = postSolution
		SolutionGuid = {8B9C2C10-C37E-4406-A4D1-FC96F9285491}
	EndGlobalSection
EndGlobal
