
Microsoft Visual Studio Solution File, Format Version 12.00
# Visual Studio Version 16
VisualStudioVersion = 16.0.29326.143
MinimumVisualStudioVersion = 10.0.40219.1
Project("{FAE04EC0-301F-11D3-BF4B-00C04F79EFBC}") = "Practise creating classes and objects 02", "Practise creating classes and objects 02\Practise creating classes and objects 02.csproj", "{8118B960-3126-4DFD-9895-F4C2AD87138D}"
EndProject
Global
	GlobalSection(SolutionConfigurationPlatforms) = preSolution
		Debug|Any CPU = Debug|Any CPU
		Release|Any CPU = Release|Any CPU
	EndGlobalSection
	GlobalSection(ProjectConfigurationPlatforms) = postSolution
		{8118B960-3126-4DFD-9895-F4C2AD87138D}.Debug|Any CPU.ActiveCfg = Debug|Any CPU
		{8118B960-3126-4DFD-9895-F4C2AD87138D}.Debug|Any CPU.Build.0 = Debug|Any CPU
		{8118B960-3126-4DFD-9895-F4C2AD87138D}.Release|Any CPU.ActiveCfg = Release|Any CPU
		{8118B960-3126-4DFD-9895-F4C2AD87138D}.Release|Any CPU.Build.0 = Release|Any CPU
	EndGlobalSection
	GlobalSection(SolutionProperties) = preSolution
		HideSolutionNode = FALSE
	EndGlobalSection
	GlobalSection(ExtensibilityGlobals) = postSolution
		SolutionGuid = {A7DD26C2-F3B2-45BE-9B17-FD5AD13F5B8F}
	EndGlobalSection
EndGlobal
